schema: '2.0'
stages:
  ingest:
    cmd: python src/ingest.py
    deps:
    - path: data/batches
      hash: md5
      md5: 8eda0af4302586d95943738ccb083517.dir
      size: 59207
      nfiles: 4
    - path: src/ingest.py
      hash: md5
      md5: d95832bd02afe07ccd2e64c2c0235986
      size: 840
    outs:
    - path: data/bronze
      hash: md5
      md5: 3e7aa75489e6b49bfcd166aad48faf9a.dir
      size: 59060
      nfiles: 1
  clean:
    cmd: python src/clean.py
    deps:
    - path: data/bronze
      hash: md5
      md5: 3e7aa75489e6b49bfcd166aad48faf9a.dir
      size: 59060
      nfiles: 1
    - path: src/clean.py
      hash: md5
      md5: 65e7688cccf9da94b302cfd0a5951a95
      size: 1806
    outs:
    - path: data/silver
      hash: md5
      md5: f4fb4e961967d9794390d9a72e3b837d.dir
      size: 59060
      nfiles: 1
  build_gold:
    cmd: python src/build_gold.py
    deps:
    - path: data/silver
      hash: md5
      md5: f4fb4e961967d9794390d9a72e3b837d.dir
      size: 59060
      nfiles: 1
    - path: src/build_gold.py
      hash: md5
      md5: 86a1fa21ec796d1e5f6693a0318f6ebd
      size: 1480
    outs:
    - path: data/gold
      hash: md5
      md5: cc2c063af63404e9592fec1914320b9a.dir
      size: 114247
      nfiles: 1
