schema: '2.0'
stages:
  ingest:
    cmd: python src/ingest.py
    deps:
    - path: data/batches
      hash: md5
      md5: 8b07de94e1a71b6a1345a908383b0c80.dir
      size: 44814
      nfiles: 3
    - path: src/ingest.py
      hash: md5
      md5: 653f869ae1b004c1ea05eeb3b6bc1c60
      size: 789
    outs:
    - path: data/bronze
      hash: md5
      md5: b393dd56f1a4fb3220ae929071f0a31d.dir
      size: 44716
      nfiles: 1
  clean:
    cmd: python src/clean.py
    deps:
    - path: data/bronze
      hash: md5
      md5: b393dd56f1a4fb3220ae929071f0a31d.dir
      size: 44716
      nfiles: 1
    - path: src/clean.py
      hash: md5
      md5: 9e9dde50712325ceae600aa22fa99705
      size: 1414
    outs:
    - path: data/silver
      hash: md5
      md5: 460ec2025624b457a62c1d17e016de11.dir
      size: 44716
      nfiles: 1
  build_gold:
    cmd: python src/build_gold.py
    deps:
    - path: data/silver
      hash: md5
      md5: 460ec2025624b457a62c1d17e016de11.dir
      size: 44716
      nfiles: 1
    - path: src/build_gold.py
      hash: md5
      md5: 3cb6e93f96a24533de5c291e58583d33
      size: 1016
    outs:
    - path: data/gold
      hash: md5
      md5: e025b68c6f038682d7649d84c9ff3cb9.dir
      size: 52594
      nfiles: 1
