schema: '2.0'
stages:
  ingest:
    cmd: python src/ingest.py
    deps:
    - path: data/batches
      hash: md5
      md5: afd6cdadcbe05800fc2e9c5392043270.dir
      size: 18428
      nfiles: 1
    - path: src/ingest.py
      hash: md5
      md5: 653f869ae1b004c1ea05eeb3b6bc1c60
      size: 789
    outs:
    - path: data/bronze
      hash: md5
      md5: 5f96a108528fcd289ce8e0bef08a59c0.dir
      size: 18428
      nfiles: 1
  clean:
    cmd: python src/clean.py
    deps:
    - path: data/bronze
      hash: md5
      md5: 5f96a108528fcd289ce8e0bef08a59c0.dir
      size: 18428
      nfiles: 1
    - path: src/clean.py
      hash: md5
      md5: 9e9dde50712325ceae600aa22fa99705
      size: 1414
    outs:
    - path: data/silver
      hash: md5
      md5: d5d6585b1b9d599208027c79247d562e.dir
      size: 18428
      nfiles: 1
  build_gold:
    cmd: python src/build_gold.py
    deps:
    - path: data/silver
      hash: md5
      md5: d5d6585b1b9d599208027c79247d562e.dir
      size: 18428
      nfiles: 1
    - path: src/build_gold.py
      hash: md5
      md5: 3cb6e93f96a24533de5c291e58583d33
      size: 1016
    outs:
    - path: data/gold
      hash: md5
      md5: aa26cd757e107ce1eeef741a9e3c41f7.dir
      size: 21951
      nfiles: 1
